
Microsoft Visual Studio Solution File, Format Version 12.00
# Visual Studio Version 16
VisualStudioVersion = 16.0.30114.105
MinimumVisualStudioVersion = 10.0.40219.1
Project("{FAE04EC0-301F-11D3-BF4B-00C04F79EFBC}") = "SD725 Design Patterns - Factory", "SD725 Design Patterns - Factory\SD725 Design Patterns - Factory.csproj", "{F5EBD42E-F305-44B8-865B-B9C6052D9A91}"
EndProject
Global
	GlobalSection(SolutionConfigurationPlatforms) = preSolution
		Debug|Any CPU = Debug|Any CPU
		Release|Any CPU = Release|Any CPU
	EndGlobalSection
	GlobalSection(ProjectConfigurationPlatforms) = postSolution
		{F5EBD42E-F305-44B8-865B-B9C6052D9A91}.Debug|Any CPU.ActiveCfg = Debug|Any CPU
		{F5EBD42E-F305-44B8-865B-B9C6052D9A91}.Debug|Any CPU.Build.0 = Debug|Any CPU
		{F5EBD42E-F305-44B8-865B-B9C6052D9A91}.Release|Any CPU.ActiveCfg = Release|Any CPU
		{F5EBD42E-F305-44B8-865B-B9C6052D9A91}.Release|Any CPU.Build.0 = Release|Any CPU
	EndGlobalSection
	GlobalSection(SolutionProperties) = preSolution
		HideSolutionNode = FALSE
	EndGlobalSection
	GlobalSection(ExtensibilityGlobals) = postSolution
		SolutionGuid = {7A1A8CD3-007F-44B9-BE9B-6CCA52844B10}
	EndGlobalSection
EndGlobal
